
Microsoft Visual Studio Solution File, Format Version 12.00
# Visual Studio Version 17
VisualStudioVersion = 17.1.32228.430
MinimumVisualStudioVersion = 10.0.40219.1
Project("{FAE04EC0-301F-11D3-BF4B-00C04F79EFBC}") = "Task1", "Task1\Task1.csproj", "{BD80E670-EEA5-4D46-AEA5-987D8F221322}"
EndProject
Global
	GlobalSection(SolutionConfigurationPlatforms) = preSolution
		Debug|Any CPU = Debug|Any CPU
		Release|Any CPU = Release|Any CPU
	EndGlobalSection
	GlobalSection(ProjectConfigurationPlatforms) = postSolution
		{BD80E670-EEA5-4D46-AEA5-987D8F221322}.Debug|Any CPU.ActiveCfg = Debug|Any CPU
		{BD80E670-EEA5-4D46-AEA5-987D8F221322}.Debug|Any CPU.Build.0 = Debug|Any CPU
		{BD80E670-EEA5-4D46-AEA5-987D8F221322}.Release|Any CPU.ActiveCfg = Release|Any CPU
		{BD80E670-EEA5-4D46-AEA5-987D8F221322}.Release|Any CPU.Build.0 = Release|Any CPU
	EndGlobalSection
	GlobalSection(SolutionProperties) = preSolution
		HideSolutionNode = FALSE
	EndGlobalSection
	GlobalSection(ExtensibilityGlobals) = postSolution
		SolutionGuid = {58A51AB7-4392-4614-9C9D-C6BA4AAFC7D0}
	EndGlobalSection
EndGlobal
